
Microsoft Visual Studio Solution File, Format Version 12.00
# Visual Studio Version 17
VisualStudioVersion = 17.14.36212.18 d17.14
MinimumVisualStudioVersion = 10.0.40219.1
Project("{FAE04EC0-301F-11D3-BF4B-00C04F79EFBC}") = "ABCRetail(Cloud)", "ABCRetail(Cloud).csproj", "{CDD03CD5-98E9-4784-BDA6-58B1A818F828}"
EndProject
Global
	GlobalSection(SolutionConfigurationPlatforms) = preSolution
		Debug|Any CPU = Debug|Any CPU
		Release|Any CPU = Release|Any CPU
	EndGlobalSection
	GlobalSection(ProjectConfigurationPlatforms) = postSolution
		{CDD03CD5-98E9-4784-BDA6-58B1A818F828}.Debug|Any CPU.ActiveCfg = Debug|Any CPU
		{CDD03CD5-98E9-4784-BDA6-58B1A818F828}.Debug|Any CPU.Build.0 = Debug|Any CPU
		{CDD03CD5-98E9-4784-BDA6-58B1A818F828}.Release|Any CPU.ActiveCfg = Release|Any CPU
		{CDD03CD5-98E9-4784-BDA6-58B1A818F828}.Release|Any CPU.Build.0 = Release|Any CPU
	EndGlobalSection
	GlobalSection(SolutionProperties) = preSolution
		HideSolutionNode = FALSE
	EndGlobalSection
	GlobalSection(ExtensibilityGlobals) = postSolution
		SolutionGuid = {E7C1D06B-616E-4021-A8D8-E67682888714}
	EndGlobalSection
EndGlobal
